// !$*UTF8*$!
{
	archiveVersion = 1;
	classes = {
	};
	objectVersion = 77;
	objects = {

/* Begin PBXBuildFile section */
		731247AB2E3116050027BF43 /* AppDelegate.swift in Sources */ = {isa = PBXBuildFile; fileRef = 731247982E3116050027BF43 /* AppDelegate.swift */; };
		731247AC2E3116050027BF43 /* SceneDelegate.swift in Sources */ = {isa = PBXBuildFile; fileRef = 731247992E3116050027BF43 /* SceneDelegate.swift */; };
		731247AD2E3116050027BF43 /* UICollectionView+Ext.swift in Sources */ = {isa = PBXBuildFile; fileRef = 7312479B2E3116050027BF43 /* UICollectionView+Ext.swift */; };
		731247AE2E3116050027BF43 /* News.swift in Sources */ = {isa = PBXBuildFile; fileRef = 7312479D2E3116050027BF43 /* News.swift */; };
		731247AF2E3116050027BF43 /* ViewController.swift in Sources */ = {isa = PBXBuildFile; fileRef = 731247A02E3116050027BF43 /* ViewController.swift */; };
		731247B02E3116050027BF43 /* Assets.xcassets in Resources */ = {isa = PBXBuildFile; fileRef = 731247A52E3116050027BF43 /* Assets.xcassets */; };
		731247B22E3116050027BF43 /* LaunchScreen.storyboard in Resources */ = {isa = PBXBuildFile; fileRef = 731247A82E3116050027BF43 /* LaunchScreen.storyboard */; };
		731247B42E31161B0027BF43 /* ImageTitleCollectionViewCell.swift in Sources */ = {isa = PBXBuildFile; fileRef = 731247B32E31161B0027BF43 /* ImageTitleCollectionViewCell.swift */; };
		731247B62E31163C0027BF43 /* UIView+Ext.swift in Sources */ = {isa = PBXBuildFile; fileRef = 731247B52E31163C0027BF43 /* UIView+Ext.swift */; };
		731247BA2E3116B30027BF43 /* AppImageViewType.swift in Sources */ = {isa = PBXBuildFile; fileRef = 731247B92E3116B30027BF43 /* AppImageViewType.swift */; };
		731247BC2E3118D70027BF43 /* AppLabelType.swift in Sources */ = {isa = PBXBuildFile; fileRef = 731247BB2E3118D70027BF43 /* AppLabelType.swift */; };
		731247BE2E311C3D0027BF43 /* AppStackView.swift in Sources */ = {isa = PBXBuildFile; fileRef = 731247BD2E311C3D0027BF43 /* AppStackView.swift */; };
		731247C02E311D910027BF43 /* NewsCollectionView.swift in Sources */ = {isa = PBXBuildFile; fileRef = 731247BF2E311D910027BF43 /* NewsCollectionView.swift */; };
		7375445F2E32211A00D302F2 /* JsonResponse.swift in Sources */ = {isa = PBXBuildFile; fileRef = 737544592E32211A00D302F2 /* JsonResponse.swift */; };
		737544602E32211A00D302F2 /* NetworkClient.swift in Sources */ = {isa = PBXBuildFile; fileRef = 7375445A2E32211A00D302F2 /* NetworkClient.swift */; };
		737544612E32211A00D302F2 /* NetworkHelper.swift in Sources */ = {isa = PBXBuildFile; fileRef = 7375445B2E32211A00D302F2 /* NetworkHelper.swift */; };
		737544622E32211A00D302F2 /* NetworkService.swift in Sources */ = {isa = PBXBuildFile; fileRef = 7375445C2E32211A00D302F2 /* NetworkService.swift */; };
		737544662E3221BD00D302F2 /* DependencyContainer.swift in Sources */ = {isa = PBXBuildFile; fileRef = 737544652E3221BD00D302F2 /* DependencyContainer.swift */; };
		737544682E32256D00D302F2 /* MainViewModel.swift in Sources */ = {isa = PBXBuildFile; fileRef = 737544672E32256D00D302F2 /* MainViewModel.swift */; };
		737544742E32382E00D302F2 /* AppActivityIndicator.swift in Sources */ = {isa = PBXBuildFile; fileRef = 737544732E32382E00D302F2 /* AppActivityIndicator.swift */; };
		737544762E323B3200D302F2 /* UIImageView+Ext.swift in Sources */ = {isa = PBXBuildFile; fileRef = 737544752E323B3200D302F2 /* UIImageView+Ext.swift */; };
		7375447C2E32427900D302F2 /* ImageCache.swift in Sources */ = {isa = PBXBuildFile; fileRef = 7375447A2E32427900D302F2 /* ImageCache.swift */; };
		737544822E327E3C00D302F2 /* ImageLoader.swift in Sources */ = {isa = PBXBuildFile; fileRef = 737544802E327E3C00D302F2 /* ImageLoader.swift */; };
		737544842E3294EF00D302F2 /* UIImage+Ext.swift in Sources */ = {isa = PBXBuildFile; fileRef = 737544832E3294EF00D302F2 /* UIImage+Ext.swift */; };
		737544862E32CD9900D302F2 /* LoadingFooterView.swift in Sources */ = {isa = PBXBuildFile; fileRef = 737544852E32CD9900D302F2 /* LoadingFooterView.swift */; };
		737544882E355DF700D302F2 /* AppHelper.swift in Sources */ = {isa = PBXBuildFile; fileRef = 737544872E355DF700D302F2 /* AppHelper.swift */; };
		7375448A2E35656A00D302F2 /* CategoryView.swift in Sources */ = {isa = PBXBuildFile; fileRef = 737544892E35656A00D302F2 /* CategoryView.swift */; };
		73785B6B2E36C1E900148A68 /* ModuleFactory.swift in Sources */ = {isa = PBXBuildFile; fileRef = 73785B692E36C1E900148A68 /* ModuleFactory.swift */; };
		73E2F9C12E366BFB00B184FE /* AppButtonType.swift in Sources */ = {isa = PBXBuildFile; fileRef = 73E2F9C02E366BFB00B184FE /* AppButtonType.swift */; };
		73E2F9C32E36712400B184FE /* ShareButtonView.swift in Sources */ = {isa = PBXBuildFile; fileRef = 73E2F9C22E36712400B184FE /* ShareButtonView.swift */; };
		73E2F9C52E3673C600B184FE /* AppConstants.swift in Sources */ = {isa = PBXBuildFile; fileRef = 73E2F9C42E3673C600B184FE /* AppConstants.swift */; };
		73E2F9CB2E367E5100B184FE /* AppActionSheet.swift in Sources */ = {isa = PBXBuildFile; fileRef = 73E2F9C92E367E5100B184FE /* AppActionSheet.swift */; };
		73E2F9DA2E36A37800B184FE /* ActionSheetContentView.swift in Sources */ = {isa = PBXBuildFile; fileRef = 73E2F9D52E36A37800B184FE /* ActionSheetContentView.swift */; };
		73E2F9DB2E36A37800B184FE /* AppActionSheetDismissView.swift in Sources */ = {isa = PBXBuildFile; fileRef = 73E2F9D62E36A37800B184FE /* AppActionSheetDismissView.swift */; };
		73E2F9DC2E36A37800B184FE /* AppBlurView.swift in Sources */ = {isa = PBXBuildFile; fileRef = 73E2F9D72E36A37800B184FE /* AppBlurView.swift */; };
		73E2F9DD2E36A37800B184FE /* CopyLinkButtonView.swift in Sources */ = {isa = PBXBuildFile; fileRef = 73E2F9D82E36A37800B184FE /* CopyLinkButtonView.swift */; };
		73E2F9E92E36AAAD00B184FE /* ToastView.swift in Sources */ = {isa = PBXBuildFile; fileRef = 73E2F9E82E36AAAD00B184FE /* ToastView.swift */; };
/* End PBXBuildFile section */

/* Begin PBXFileReference section */
		731247982E3116050027BF43 /* AppDelegate.swift */ = {isa = PBXFileReference; lastKnownFileType = sourcecode.swift; path = AppDelegate.swift; sourceTree = "<group>"; };
		731247992E3116050027BF43 /* SceneDelegate.swift */ = {isa = PBXFileReference; lastKnownFileType = sourcecode.swift; path = SceneDelegate.swift; sourceTree = "<group>"; };
		7312479B2E3116050027BF43 /* UICollectionView+Ext.swift */ = {isa = PBXFileReference; lastKnownFileType = sourcecode.swift; path = "UICollectionView+Ext.swift"; sourceTree = "<group>"; };
		7312479D2E3116050027BF43 /* News.swift */ = {isa = PBXFileReference; lastKnownFileType = sourcecode.swift; path = News.swift; sourceTree = "<group>"; };
		731247A02E3116050027BF43 /* ViewController.swift */ = {isa = PBXFileReference; lastKnownFileType = sourcecode.swift; path = ViewController.swift; sourceTree = "<group>"; };
		731247A52E3116050027BF43 /* Assets.xcassets */ = {isa = PBXFileReference; lastKnownFileType = folder.assetcatalog; path = Assets.xcassets; sourceTree = "<group>"; };
		731247A62E3116050027BF43 /* Info.plist */ = {isa = PBXFileReference; lastKnownFileType = text.plist.xml; path = Info.plist; sourceTree = "<group>"; };
		731247A72E3116050027BF43 /* Base */ = {isa = PBXFileReference; lastKnownFileType = file.storyboard; name = Base; path = Base.lproj/LaunchScreen.storyboard; sourceTree = "<group>"; };
		731247B32E31161B0027BF43 /* ImageTitleCollectionViewCell.swift */ = {isa = PBXFileReference; lastKnownFileType = sourcecode.swift; path = ImageTitleCollectionViewCell.swift; sourceTree = "<group>"; };
		731247B52E31163C0027BF43 /* UIView+Ext.swift */ = {isa = PBXFileReference; lastKnownFileType = sourcecode.swift; path = "UIView+Ext.swift"; sourceTree = "<group>"; };
		731247B92E3116B30027BF43 /* AppImageViewType.swift */ = {isa = PBXFileReference; lastKnownFileType = sourcecode.swift; path = AppImageViewType.swift; sourceTree = "<group>"; };
		731247BB2E3118D70027BF43 /* AppLabelType.swift */ = {isa = PBXFileReference; lastKnownFileType = sourcecode.swift; path = AppLabelType.swift; sourceTree = "<group>"; };
		731247BD2E311C3D0027BF43 /* AppStackView.swift */ = {isa = PBXFileReference; lastKnownFileType = sourcecode.swift; path = AppStackView.swift; sourceTree = "<group>"; };
		731247BF2E311D910027BF43 /* NewsCollectionView.swift */ = {isa = PBXFileReference; lastKnownFileType = sourcecode.swift; path = NewsCollectionView.swift; sourceTree = "<group>"; };
		737544592E32211A00D302F2 /* JsonResponse.swift */ = {isa = PBXFileReference; lastKnownFileType = sourcecode.swift; path = JsonResponse.swift; sourceTree = "<group>"; };
		7375445A2E32211A00D302F2 /* NetworkClient.swift */ = {isa = PBXFileReference; lastKnownFileType = sourcecode.swift; path = NetworkClient.swift; sourceTree = "<group>"; };
		7375445B2E32211A00D302F2 /* NetworkHelper.swift */ = {isa = PBXFileReference; lastKnownFileType = sourcecode.swift; path = NetworkHelper.swift; sourceTree = "<group>"; };
		7375445C2E32211A00D302F2 /* NetworkService.swift */ = {isa = PBXFileReference; lastKnownFileType = sourcecode.swift; path = NetworkService.swift; sourceTree = "<group>"; };
		737544652E3221BD00D302F2 /* DependencyContainer.swift */ = {isa = PBXFileReference; lastKnownFileType = sourcecode.swift; path = DependencyContainer.swift; sourceTree = "<group>"; };
		737544672E32256D00D302F2 /* MainViewModel.swift */ = {isa = PBXFileReference; lastKnownFileType = sourcecode.swift; path = MainViewModel.swift; sourceTree = "<group>"; };
		737544732E32382E00D302F2 /* AppActivityIndicator.swift */ = {isa = PBXFileReference; lastKnownFileType = sourcecode.swift; path = AppActivityIndicator.swift; sourceTree = "<group>"; };
		737544752E323B3200D302F2 /* UIImageView+Ext.swift */ = {isa = PBXFileReference; lastKnownFileType = sourcecode.swift; path = "UIImageView+Ext.swift"; sourceTree = "<group>"; };
		7375447A2E32427900D302F2 /* ImageCache.swift */ = {isa = PBXFileReference; lastKnownFileType = sourcecode.swift; path = ImageCache.swift; sourceTree = "<group>"; };
		737544802E327E3C00D302F2 /* ImageLoader.swift */ = {isa = PBXFileReference; lastKnownFileType = sourcecode.swift; path = ImageLoader.swift; sourceTree = "<group>"; };
		737544832E3294EF00D302F2 /* UIImage+Ext.swift */ = {isa = PBXFileReference; lastKnownFileType = sourcecode.swift; path = "UIImage+Ext.swift"; sourceTree = "<group>"; };
		737544852E32CD9900D302F2 /* LoadingFooterView.swift */ = {isa = PBXFileReference; lastKnownFileType = sourcecode.swift; path = LoadingFooterView.swift; sourceTree = "<group>"; };
		737544872E355DF700D302F2 /* AppHelper.swift */ = {isa = PBXFileReference; lastKnownFileType = sourcecode.swift; path = AppHelper.swift; sourceTree = "<group>"; };
		737544892E35656A00D302F2 /* CategoryView.swift */ = {isa = PBXFileReference; lastKnownFileType = sourcecode.swift; path = CategoryView.swift; sourceTree = "<group>"; };
		73785B692E36C1E900148A68 /* ModuleFactory.swift */ = {isa = PBXFileReference; lastKnownFileType = sourcecode.swift; path = ModuleFactory.swift; sourceTree = "<group>"; };
		73B8154D2E311028004FF9A5 /* AutodocTest.app */ = {isa = PBXFileReference; explicitFileType = wrapper.application; includeInIndex = 0; path = AutodocTest.app; sourceTree = BUILT_PRODUCTS_DIR; };
		73E2F9C02E366BFB00B184FE /* AppButtonType.swift */ = {isa = PBXFileReference; lastKnownFileType = sourcecode.swift; path = AppButtonType.swift; sourceTree = "<group>"; };
		73E2F9C22E36712400B184FE /* ShareButtonView.swift */ = {isa = PBXFileReference; lastKnownFileType = sourcecode.swift; path = ShareButtonView.swift; sourceTree = "<group>"; };
		73E2F9C42E3673C600B184FE /* AppConstants.swift */ = {isa = PBXFileReference; lastKnownFileType = sourcecode.swift; path = AppConstants.swift; sourceTree = "<group>"; };
		73E2F9C92E367E5100B184FE /* AppActionSheet.swift */ = {isa = PBXFileReference; lastKnownFileType = sourcecode.swift; path = AppActionSheet.swift; sourceTree = "<group>"; };
		73E2F9D52E36A37800B184FE /* ActionSheetContentView.swift */ = {isa = PBXFileReference; lastKnownFileType = sourcecode.swift; path = ActionSheetContentView.swift; sourceTree = "<group>"; };
		73E2F9D62E36A37800B184FE /* AppActionSheetDismissView.swift */ = {isa = PBXFileReference; lastKnownFileType = sourcecode.swift; path = AppActionSheetDismissView.swift; sourceTree = "<group>"; };
		73E2F9D72E36A37800B184FE /* AppBlurView.swift */ = {isa = PBXFileReference; lastKnownFileType = sourcecode.swift; path = AppBlurView.swift; sourceTree = "<group>"; };
		73E2F9D82E36A37800B184FE /* CopyLinkButtonView.swift */ = {isa = PBXFileReference; lastKnownFileType = sourcecode.swift; path = CopyLinkButtonView.swift; sourceTree = "<group>"; };
		73E2F9E82E36AAAD00B184FE /* ToastView.swift */ = {isa = PBXFileReference; lastKnownFileType = sourcecode.swift; path = ToastView.swift; sourceTree = "<group>"; };
/* End PBXFileReference section */

/* Begin PBXFrameworksBuildPhase section */
		73B8154A2E311028004FF9A5 /* Frameworks */ = {
			isa = PBXFrameworksBuildPhase;
			buildActionMask = 2147483647;
			files = (
			);
			runOnlyForDeploymentPostprocessing = 0;
		};
/* End PBXFrameworksBuildPhase section */

/* Begin PBXGroup section */
		7312479A2E3116050027BF43 /* App */ = {
			isa = PBXGroup;
			children = (
				731247982E3116050027BF43 /* AppDelegate.swift */,
				731247992E3116050027BF43 /* SceneDelegate.swift */,
			);
			path = App;
			sourceTree = "<group>";
		};
		7312479C2E3116050027BF43 /* Extensions */ = {
			isa = PBXGroup;
			children = (
				737544872E355DF700D302F2 /* AppHelper.swift */,
				737544832E3294EF00D302F2 /* UIImage+Ext.swift */,
				737544752E323B3200D302F2 /* UIImageView+Ext.swift */,
				731247BD2E311C3D0027BF43 /* AppStackView.swift */,
				731247B52E31163C0027BF43 /* UIView+Ext.swift */,
				7312479B2E3116050027BF43 /* UICollectionView+Ext.swift */,
			);
			path = Extensions;
			sourceTree = "<group>";
		};
		7312479E2E3116050027BF43 /* Model */ = {
			isa = PBXGroup;
			children = (
				7312479D2E3116050027BF43 /* News.swift */,
			);
			path = Model;
			sourceTree = "<group>";
		};
		7312479F2E3116050027BF43 /* Components */ = {
			isa = PBXGroup;
			children = (
				73E2F9CA2E367E5100B184FE /* AppActionSheet */,
				73E2F9C22E36712400B184FE /* ShareButtonView.swift */,
				737544852E32CD9900D302F2 /* LoadingFooterView.swift */,
				731247BF2E311D910027BF43 /* NewsCollectionView.swift */,
				731247B32E31161B0027BF43 /* ImageTitleCollectionViewCell.swift */,
				737544892E35656A00D302F2 /* CategoryView.swift */,
			);
			path = Components;
			sourceTree = "<group>";
		};
		731247A12E3116050027BF43 /* View */ = {
			isa = PBXGroup;
			children = (
				7312479F2E3116050027BF43 /* Components */,
				731247A02E3116050027BF43 /* ViewController.swift */,
			);
			path = View;
			sourceTree = "<group>";
		};
		731247A22E3116050027BF43 /* ViewModel */ = {
			isa = PBXGroup;
			children = (
				737544672E32256D00D302F2 /* MainViewModel.swift */,
			);
			path = ViewModel;
			sourceTree = "<group>";
		};
		731247A32E3116050027BF43 /* Main */ = {
			isa = PBXGroup;
			children = (
				7312479E2E3116050027BF43 /* Model */,
				731247A12E3116050027BF43 /* View */,
				731247A22E3116050027BF43 /* ViewModel */,
			);
			path = Main;
			sourceTree = "<group>";
		};
		731247A42E3116050027BF43 /* Modules */ = {
			isa = PBXGroup;
			children = (
				731247A32E3116050027BF43 /* Main */,
			);
			path = Modules;
			sourceTree = "<group>";
		};
		731247A92E3116050027BF43 /* Resources */ = {
			isa = PBXGroup;
			children = (
				731247A52E3116050027BF43 /* Assets.xcassets */,
				731247A62E3116050027BF43 /* Info.plist */,
				731247A82E3116050027BF43 /* LaunchScreen.storyboard */,
				73E2F9C42E3673C600B184FE /* AppConstants.swift */,
			);
			path = Resources;
			sourceTree = "<group>";
		};
		731247AA2E3116050027BF43 /* AutodocTest */ = {
			isa = PBXGroup;
			children = (
				7312479A2E3116050027BF43 /* App */,
				731247A42E3116050027BF43 /* Modules */,
				7375445E2E32211A00D302F2 /* Services */,
				731247B82E3116A70027BF43 /* DesignSystem */,
				7312479C2E3116050027BF43 /* Extensions */,
				731247A92E3116050027BF43 /* Resources */,
			);
			path = AutodocTest;
			sourceTree = "<group>";
		};
		731247B82E3116A70027BF43 /* DesignSystem */ = {
			isa = PBXGroup;
			children = (
				73E2F9C02E366BFB00B184FE /* AppButtonType.swift */,
				737544732E32382E00D302F2 /* AppActivityIndicator.swift */,
				731247BB2E3118D70027BF43 /* AppLabelType.swift */,
				731247B92E3116B30027BF43 /* AppImageViewType.swift */,
			);
			path = DesignSystem;
			sourceTree = "<group>";
		};
		7375445D2E32211A00D302F2 /* NetworkLayer */ = {
			isa = PBXGroup;
			children = (
				737544592E32211A00D302F2 /* JsonResponse.swift */,
				7375445A2E32211A00D302F2 /* NetworkClient.swift */,
				7375445B2E32211A00D302F2 /* NetworkHelper.swift */,
				7375445C2E32211A00D302F2 /* NetworkService.swift */,
			);
			path = NetworkLayer;
			sourceTree = "<group>";
		};
		7375445E2E32211A00D302F2 /* Services */ = {
			isa = PBXGroup;
			children = (
				73785B6A2E36C1E900148A68 /* ModuleFactory */,
				737544812E327E3C00D302F2 /* ImageLoader */,
				7375447B2E32427900D302F2 /* ImageCache */,
				7375445D2E32211A00D302F2 /* NetworkLayer */,
				737544642E3221AB00D302F2 /* DI */,
			);
			path = Services;
			sourceTree = "<group>";
		};
		737544642E3221AB00D302F2 /* DI */ = {
			isa = PBXGroup;
			children = (
				737544652E3221BD00D302F2 /* DependencyContainer.swift */,
			);
			path = DI;
			sourceTree = "<group>";
		};
		7375447B2E32427900D302F2 /* ImageCache */ = {
			isa = PBXGroup;
			children = (
				7375447A2E32427900D302F2 /* ImageCache.swift */,
			);
			path = ImageCache;
			sourceTree = "<group>";
		};
		737544812E327E3C00D302F2 /* ImageLoader */ = {
			isa = PBXGroup;
			children = (
				737544802E327E3C00D302F2 /* ImageLoader.swift */,
			);
			path = ImageLoader;
			sourceTree = "<group>";
		};
		73785B6A2E36C1E900148A68 /* ModuleFactory */ = {
			isa = PBXGroup;
			children = (
				73785B692E36C1E900148A68 /* ModuleFactory.swift */,
			);
			path = ModuleFactory;
			sourceTree = "<group>";
		};
		73B815442E311028004FF9A5 = {
			isa = PBXGroup;
			children = (
				731247AA2E3116050027BF43 /* AutodocTest */,
				73B8154E2E311028004FF9A5 /* Products */,
			);
			sourceTree = "<group>";
		};
		73B8154E2E311028004FF9A5 /* Products */ = {
			isa = PBXGroup;
			children = (
				73B8154D2E311028004FF9A5 /* AutodocTest.app */,
			);
			name = Products;
			sourceTree = "<group>";
		};
		73E2F9CA2E367E5100B184FE /* AppActionSheet */ = {
			isa = PBXGroup;
			children = (
				73E2F9D92E36A37800B184FE /* Components */,
				73E2F9C92E367E5100B184FE /* AppActionSheet.swift */,
			);
			path = AppActionSheet;
			sourceTree = "<group>";
		};
		73E2F9D92E36A37800B184FE /* Components */ = {
			isa = PBXGroup;
			children = (
				73E2F9D52E36A37800B184FE /* ActionSheetContentView.swift */,
				73E2F9D62E36A37800B184FE /* AppActionSheetDismissView.swift */,
				73E2F9D72E36A37800B184FE /* AppBlurView.swift */,
				73E2F9D82E36A37800B184FE /* CopyLinkButtonView.swift */,
				73E2F9E82E36AAAD00B184FE /* ToastView.swift */,
			);
			path = Components;
			sourceTree = "<group>";
		};
/* End PBXGroup section */

/* Begin PBXNativeTarget section */
		73B8154C2E311028004FF9A5 /* AutodocTest */ = {
			isa = PBXNativeTarget;
			buildConfigurationList = 73B815602E311029004FF9A5 /* Build configuration list for PBXNativeTarget "AutodocTest" */;
			buildPhases = (
				73B815492E311028004FF9A5 /* Sources */,
				73B8154A2E311028004FF9A5 /* Frameworks */,
				73B8154B2E311028004FF9A5 /* Resources */,
			);
			buildRules = (
			);
			dependencies = (
			);
			name = AutodocTest;
			packageProductDependencies = (
			);
			productName = AutodocTest;
			productReference = 73B8154D2E311028004FF9A5 /* AutodocTest.app */;
			productType = "com.apple.product-type.application";
		};
/* End PBXNativeTarget section */

/* Begin PBXProject section */
		73B815452E311028004FF9A5 /* Project object */ = {
			isa = PBXProject;
			attributes = {
				BuildIndependentTargetsInParallel = 1;
				LastSwiftUpdateCheck = 1640;
				LastUpgradeCheck = 1640;
				TargetAttributes = {
					73B8154C2E311028004FF9A5 = {
						CreatedOnToolsVersion = 16.4;
					};
				};
			};
			buildConfigurationList = 73B815482E311028004FF9A5 /* Build configuration list for PBXProject "AutodocTest" */;
			developmentRegion = en;
			hasScannedForEncodings = 0;
			knownRegions = (
				en,
				Base,
			);
			mainGroup = 73B815442E311028004FF9A5;
			minimizedProjectReferenceProxies = 1;
			packageReferences = (
			);
			preferredProjectObjectVersion = 77;
			productRefGroup = 73B8154E2E311028004FF9A5 /* Products */;
			projectDirPath = "";
			projectRoot = "";
			targets = (
				73B8154C2E311028004FF9A5 /* AutodocTest */,
			);
		};
/* End PBXProject section */

/* Begin PBXResourcesBuildPhase section */
		73B8154B2E311028004FF9A5 /* Resources */ = {
			isa = PBXResourcesBuildPhase;
			buildActionMask = 2147483647;
			files = (
				731247B02E3116050027BF43 /* Assets.xcassets in Resources */,
				731247B22E3116050027BF43 /* LaunchScreen.storyboard in Resources */,
			);
			runOnlyForDeploymentPostprocessing = 0;
		};
/* End PBXResourcesBuildPhase section */

/* Begin PBXSourcesBuildPhase section */
		73B815492E311028004FF9A5 /* Sources */ = {
			isa = PBXSourcesBuildPhase;
			buildActionMask = 2147483647;
			files = (
				731247AB2E3116050027BF43 /* AppDelegate.swift in Sources */,
				737544882E355DF700D302F2 /* AppHelper.swift in Sources */,
				731247AC2E3116050027BF43 /* SceneDelegate.swift in Sources */,
				731247BA2E3116B30027BF43 /* AppImageViewType.swift in Sources */,
				731247B62E31163C0027BF43 /* UIView+Ext.swift in Sources */,
				73E2F9DA2E36A37800B184FE /* ActionSheetContentView.swift in Sources */,
				73E2F9DB2E36A37800B184FE /* AppActionSheetDismissView.swift in Sources */,
				73E2F9DC2E36A37800B184FE /* AppBlurView.swift in Sources */,
				73E2F9DD2E36A37800B184FE /* CopyLinkButtonView.swift in Sources */,
				731247AD2E3116050027BF43 /* UICollectionView+Ext.swift in Sources */,
				731247AE2E3116050027BF43 /* News.swift in Sources */,
				737544662E3221BD00D302F2 /* DependencyContainer.swift in Sources */,
				731247AF2E3116050027BF43 /* ViewController.swift in Sources */,
				737544742E32382E00D302F2 /* AppActivityIndicator.swift in Sources */,
				737544842E3294EF00D302F2 /* UIImage+Ext.swift in Sources */,
				73E2F9C52E3673C600B184FE /* AppConstants.swift in Sources */,
				737544682E32256D00D302F2 /* MainViewModel.swift in Sources */,
				7375447C2E32427900D302F2 /* ImageCache.swift in Sources */,
				731247BE2E311C3D0027BF43 /* AppStackView.swift in Sources */,
				7375448A2E35656A00D302F2 /* CategoryView.swift in Sources */,
				731247BC2E3118D70027BF43 /* AppLabelType.swift in Sources */,
				731247B42E31161B0027BF43 /* ImageTitleCollectionViewCell.swift in Sources */,
				737544822E327E3C00D302F2 /* ImageLoader.swift in Sources */,
				7375445F2E32211A00D302F2 /* JsonResponse.swift in Sources */,
				73E2F9CB2E367E5100B184FE /* AppActionSheet.swift in Sources */,
				737544602E32211A00D302F2 /* NetworkClient.swift in Sources */,
				73E2F9C32E36712400B184FE /* ShareButtonView.swift in Sources */,
				73785B6B2E36C1E900148A68 /* ModuleFactory.swift in Sources */,
				737544862E32CD9900D302F2 /* LoadingFooterView.swift in Sources */,
				73E2F9E92E36AAAD00B184FE /* ToastView.swift in Sources */,
				737544612E32211A00D302F2 /* NetworkHelper.swift in Sources */,
				737544622E32211A00D302F2 /* NetworkService.swift in Sources */,
				73E2F9C12E366BFB00B184FE /* AppButtonType.swift in Sources */,
				737544762E323B3200D302F2 /* UIImageView+Ext.swift in Sources */,
				731247C02E311D910027BF43 /* NewsCollectionView.swift in Sources */,
			);
			runOnlyForDeploymentPostprocessing = 0;
		};
/* End PBXSourcesBuildPhase section */

/* Begin PBXVariantGroup section */
		731247A82E3116050027BF43 /* LaunchScreen.storyboard */ = {
			isa = PBXVariantGroup;
			children = (
				731247A72E3116050027BF43 /* Base */,
			);
			name = LaunchScreen.storyboard;
			sourceTree = "<group>";
		};
/* End PBXVariantGroup section */

/* Begin XCBuildConfiguration section */
		73B815612E311029004FF9A5 /* Debug */ = {
			isa = XCBuildConfiguration;
			buildSettings = {
				ASSETCATALOG_COMPILER_APPICON_NAME = AppIcon;
				ASSETCATALOG_COMPILER_GLOBAL_ACCENT_COLOR_NAME = AccentColor;
				CODE_SIGN_STYLE = Automatic;
				CURRENT_PROJECT_VERSION = 1;
				DEVELOPMENT_TEAM = 7W278NP9KT;
				GENERATE_INFOPLIST_FILE = YES;
				INFOPLIST_FILE = AutodocTest/Resources/Info.plist;
				INFOPLIST_KEY_UIApplicationSupportsIndirectInputEvents = YES;
				INFOPLIST_KEY_UILaunchStoryboardName = LaunchScreen;
				INFOPLIST_KEY_UISupportedInterfaceOrientations_iPad = "UIInterfaceOrientationPortrait UIInterfaceOrientationPortraitUpsideDown UIInterfaceOrientationLandscapeLeft UIInterfaceOrientationLandscapeRight";
				INFOPLIST_KEY_UISupportedInterfaceOrientations_iPhone = "UIInterfaceOrientationPortrait UIInterfaceOrientationLandscapeLeft UIInterfaceOrientationLandscapeRight";
				IPHONEOS_DEPLOYMENT_TARGET = 16.0;
				LD_RUNPATH_SEARCH_PATHS = (
					"$(inherited)",
					"@executable_path/Frameworks",
				);
				MARKETING_VERSION = 1.0;
				PRODUCT_BUNDLE_IDENTIFIER = k.Sklyarov.IndDev.AutodocTest;
				PRODUCT_NAME = "$(TARGET_NAME)";
				SUPPORTED_PLATFORMS = "iphoneos iphonesimulator";
				SUPPORTS_MACCATALYST = NO;
				SUPPORTS_MAC_DESIGNED_FOR_IPHONE_IPAD = NO;
				SUPPORTS_XR_DESIGNED_FOR_IPHONE_IPAD = NO;
				SWIFT_EMIT_LOC_STRINGS = YES;
				SWIFT_VERSION = 5.0;
				TARGETED_DEVICE_FAMILY = "1,2";
			};
			name = Debug;
		};
		73B815622E311029004FF9A5 /* Release */ = {
			isa = XCBuildConfiguration;
			buildSettings = {
				ASSETCATALOG_COMPILER_APPICON_NAME = AppIcon;
				ASSETCATALOG_COMPILER_GLOBAL_ACCENT_COLOR_NAME = AccentColor;
				CODE_SIGN_STYLE = Automatic;
				CURRENT_PROJECT_VERSION = 1;
				DEVELOPMENT_TEAM = 7W278NP9KT;
				GENERATE_INFOPLIST_FILE = YES;
				INFOPLIST_FILE = AutodocTest/Resources/Info.plist;
				INFOPLIST_KEY_UIApplicationSupportsIndirectInputEvents = YES;
				INFOPLIST_KEY_UILaunchStoryboardName = LaunchScreen;
				INFOPLIST_KEY_UISupportedInterfaceOrientations_iPad = "UIInterfaceOrientationPortrait UIInterfaceOrientationPortraitUpsideDown UIInterfaceOrientationLandscapeLeft UIInterfaceOrientationLandscapeRight";
				INFOPLIST_KEY_UISupportedInterfaceOrientations_iPhone = "UIInterfaceOrientationPortrait UIInterfaceOrientationLandscapeLeft UIInterfaceOrientationLandscapeRight";
				IPHONEOS_DEPLOYMENT_TARGET = 16.0;
				LD_RUNPATH_SEARCH_PATHS = (
					"$(inherited)",
					"@executable_path/Frameworks",
				);
				MARKETING_VERSION = 1.0;
				PRODUCT_BUNDLE_IDENTIFIER = k.Sklyarov.IndDev.AutodocTest;
				PRODUCT_NAME = "$(TARGET_NAME)";
				SUPPORTED_PLATFORMS = "iphoneos iphonesimulator";
				SUPPORTS_MACCATALYST = NO;
				SUPPORTS_MAC_DESIGNED_FOR_IPHONE_IPAD = NO;
				SUPPORTS_XR_DESIGNED_FOR_IPHONE_IPAD = NO;
				SWIFT_EMIT_LOC_STRINGS = YES;
				SWIFT_VERSION = 5.0;
				TARGETED_DEVICE_FAMILY = "1,2";
			};
			name = Release;
		};
		73B815632E311029004FF9A5 /* Debug */ = {
			isa = XCBuildConfiguration;
			buildSettings = {
				ALWAYS_SEARCH_USER_PATHS = NO;
				ASSETCATALOG_COMPILER_GENERATE_SWIFT_ASSET_SYMBOL_EXTENSIONS = YES;
				CLANG_ANALYZER_NONNULL = YES;
				CLANG_ANALYZER_NUMBER_OBJECT_CONVERSION = YES_AGGRESSIVE;
				CLANG_CXX_LANGUAGE_STANDARD = "gnu++20";
				CLANG_ENABLE_MODULES = YES;
				CLANG_ENABLE_OBJC_ARC = YES;
				CLANG_ENABLE_OBJC_WEAK = YES;
				CLANG_WARN_BLOCK_CAPTURE_AUTORELEASING = YES;
				CLANG_WARN_BOOL_CONVERSION = YES;
				CLANG_WARN_COMMA = YES;
				CLANG_WARN_CONSTANT_CONVERSION = YES;
				CLANG_WARN_DEPRECATED_OBJC_IMPLEMENTATIONS = YES;
				CLANG_WARN_DIRECT_OBJC_ISA_USAGE = YES_ERROR;
				CLANG_WARN_DOCUMENTATION_COMMENTS = YES;
				CLANG_WARN_EMPTY_BODY = YES;
				CLANG_WARN_ENUM_CONVERSION = YES;
				CLANG_WARN_INFINITE_RECURSION = YES;
				CLANG_WARN_INT_CONVERSION = YES;
				CLANG_WARN_NON_LITERAL_NULL_CONVERSION = YES;
				CLANG_WARN_OBJC_IMPLICIT_RETAIN_SELF = YES;
				CLANG_WARN_OBJC_LITERAL_CONVERSION = YES;
				CLANG_WARN_OBJC_ROOT_CLASS = YES_ERROR;
				CLANG_WARN_QUOTED_INCLUDE_IN_FRAMEWORK_HEADER = YES;
				CLANG_WARN_RANGE_LOOP_ANALYSIS = YES;
				CLANG_WARN_STRICT_PROTOTYPES = YES;
				CLANG_WARN_SUSPICIOUS_MOVE = YES;
				CLANG_WARN_UNGUARDED_AVAILABILITY = YES_AGGRESSIVE;
				CLANG_WARN_UNREACHABLE_CODE = YES;
				CLANG_WARN__DUPLICATE_METHOD_MATCH = YES;
				COPY_PHASE_STRIP = NO;
				DEBUG_INFORMATION_FORMAT = dwarf;
				DEVELOPMENT_TEAM = 7W278NP9KT;
				ENABLE_STRICT_OBJC_MSGSEND = YES;
				ENABLE_TESTABILITY = YES;
				ENABLE_USER_SCRIPT_SANDBOXING = YES;
				GCC_C_LANGUAGE_STANDARD = gnu17;
				GCC_DYNAMIC_NO_PIC = NO;
				GCC_NO_COMMON_BLOCKS = YES;
				GCC_OPTIMIZATION_LEVEL = 0;
				GCC_PREPROCESSOR_DEFINITIONS = (
					"DEBUG=1",
					"$(inherited)",
				);
				GCC_WARN_64_TO_32_BIT_CONVERSION = YES;
				GCC_WARN_ABOUT_RETURN_TYPE = YES_ERROR;
				GCC_WARN_UNDECLARED_SELECTOR = YES;
				GCC_WARN_UNINITIALIZED_AUTOS = YES_AGGRESSIVE;
				GCC_WARN_UNUSED_FUNCTION = YES;
				GCC_WARN_UNUSED_VARIABLE = YES;
				IPHONEOS_DEPLOYMENT_TARGET = 18.5;
				LOCALIZATION_PREFERS_STRING_CATALOGS = YES;
				MTL_ENABLE_DEBUG_INFO = INCLUDE_SOURCE;
				MTL_FAST_MATH = YES;
				ONLY_ACTIVE_ARCH = YES;
				SDKROOT = iphoneos;
				SWIFT_ACTIVE_COMPILATION_CONDITIONS = "DEBUG $(inherited)";
				SWIFT_OPTIMIZATION_LEVEL = "-Onone";
			};
			name = Debug;
		};
		73B815642E311029004FF9A5 /* Release */ = {
			isa = XCBuildConfiguration;
			buildSettings = {
				ALWAYS_SEARCH_USER_PATHS = NO;
				ASSETCATALOG_COMPILER_GENERATE_SWIFT_ASSET_SYMBOL_EXTENSIONS = YES;
				CLANG_ANALYZER_NONNULL = YES;
				CLANG_ANALYZER_NUMBER_OBJECT_CONVERSION = YES_AGGRESSIVE;
				CLANG_CXX_LANGUAGE_STANDARD = "gnu++20";
				CLANG_ENABLE_MODULES = YES;
				CLANG_ENABLE_OBJC_ARC = YES;
				CLANG_ENABLE_OBJC_WEAK = YES;
				CLANG_WARN_BLOCK_CAPTURE_AUTORELEASING = YES;
				CLANG_WARN_BOOL_CONVERSION = YES;
				CLANG_WARN_COMMA = YES;
				CLANG_WARN_CONSTANT_CONVERSION = YES;
				CLANG_WARN_DEPRECATED_OBJC_IMPLEMENTATIONS = YES;
				CLANG_WARN_DIRECT_OBJC_ISA_USAGE = YES_ERROR;
				CLANG_WARN_DOCUMENTATION_COMMENTS = YES;
				CLANG_WARN_EMPTY_BODY = YES;
				CLANG_WARN_ENUM_CONVERSION = YES;
				CLANG_WARN_INFINITE_RECURSION = YES;
				CLANG_WARN_INT_CONVERSION = YES;
				CLANG_WARN_NON_LITERAL_NULL_CONVERSION = YES;
				CLANG_WARN_OBJC_IMPLICIT_RETAIN_SELF = YES;
				CLANG_WARN_OBJC_LITERAL_CONVERSION = YES;
				CLANG_WARN_OBJC_ROOT_CLASS = YES_ERROR;
				CLANG_WARN_QUOTED_INCLUDE_IN_FRAMEWORK_HEADER = YES;
				CLANG_WARN_RANGE_LOOP_ANALYSIS = YES;
				CLANG_WARN_STRICT_PROTOTYPES = YES;
				CLANG_WARN_SUSPICIOUS_MOVE = YES;
				CLANG_WARN_UNGUARDED_AVAILABILITY = YES_AGGRESSIVE;
				CLANG_WARN_UNREACHABLE_CODE = YES;
				CLANG_WARN__DUPLICATE_METHOD_MATCH = YES;
				COPY_PHASE_STRIP = NO;
				DEBUG_INFORMATION_FORMAT = "dwarf-with-dsym";
				DEVELOPMENT_TEAM = 7W278NP9KT;
				ENABLE_NS_ASSERTIONS = NO;
				ENABLE_STRICT_OBJC_MSGSEND = YES;
				ENABLE_USER_SCRIPT_SANDBOXING = YES;
				GCC_C_LANGUAGE_STANDARD = gnu17;
				GCC_NO_COMMON_BLOCKS = YES;
				GCC_WARN_64_TO_32_BIT_CONVERSION = YES;
				GCC_WARN_ABOUT_RETURN_TYPE = YES_ERROR;
				GCC_WARN_UNDECLARED_SELECTOR = YES;
				GCC_WARN_UNINITIALIZED_AUTOS = YES_AGGRESSIVE;
				GCC_WARN_UNUSED_FUNCTION = YES;
				GCC_WARN_UNUSED_VARIABLE = YES;
				IPHONEOS_DEPLOYMENT_TARGET = 18.5;
				LOCALIZATION_PREFERS_STRING_CATALOGS = YES;
				MTL_ENABLE_DEBUG_INFO = NO;
				MTL_FAST_MATH = YES;
				SDKROOT = iphoneos;
				SWIFT_COMPILATION_MODE = wholemodule;
				VALIDATE_PRODUCT = YES;
			};
			name = Release;
		};
/* End XCBuildConfiguration section */

/* Begin XCConfigurationList section */
		73B815482E311028004FF9A5 /* Build configuration list for PBXProject "AutodocTest" */ = {
			isa = XCConfigurationList;
			buildConfigurations = (
				73B815632E311029004FF9A5 /* Debug */,
				73B815642E311029004FF9A5 /* Release */,
			);
			defaultConfigurationIsVisible = 0;
			defaultConfigurationName = Release;
		};
		73B815602E311029004FF9A5 /* Build configuration list for PBXNativeTarget "AutodocTest" */ = {
			isa = XCConfigurationList;
			buildConfigurations = (
				73B815612E311029004FF9A5 /* Debug */,
				73B815622E311029004FF9A5 /* Release */,
			);
			defaultConfigurationIsVisible = 0;
			defaultConfigurationName = Release;
		};
/* End XCConfigurationList section */
	};
	rootObject = 73B815452E311028004FF9A5 /* Project object */;
}
